
Microsoft Visual Studio Solution File, Format Version 12.00
# Visual Studio 15
VisualStudioVersion = 15.0.27130.2027
MinimumVisualStudioVersion = 10.0.40219.1
Project("{888888A0-9F3D-457C-B088-3A5042F75D52}") = "BattleDotZombie", "BattleDotZombie.pyproj", "{EEA9F39A-AE3A-476B-8DA9-8BC6D0B43631}"
EndProject
Global
	GlobalSection(SolutionConfigurationPlatforms) = preSolution
		Debug|Any CPU = Debug|Any CPU
		Release|Any CPU = Release|Any CPU
	EndGlobalSection
	GlobalSection(ProjectConfigurationPlatforms) = postSolution
		{EEA9F39A-AE3A-476B-8DA9-8BC6D0B43631}.Debug|Any CPU.ActiveCfg = Debug|Any CPU
		{EEA9F39A-AE3A-476B-8DA9-8BC6D0B43631}.Release|Any CPU.ActiveCfg = Release|Any CPU
	EndGlobalSection
	GlobalSection(SolutionProperties) = preSolution
		HideSolutionNode = FALSE
	EndGlobalSection
	GlobalSection(ExtensibilityGlobals) = postSolution
		SolutionGuid = {9A3EDC4B-CE96-4789-8ADA-F88B61ACEA90}
	EndGlobalSection
EndGlobal
